
Microsoft Visual Studio Solution File, Format Version 12.00
# Visual Studio Version 17
VisualStudioVersion = 17.8.34330.188
MinimumVisualStudioVersion = 10.0.40219.1
Project("{FAE04EC0-301F-11D3-BF4B-00C04F79EFBC}") = "1brc", "1brc\1brc.csproj", "{81C2A79D-CCEB-41F5-B6BF-7CD49B78519A}"
EndProject
Global
	GlobalSection(SolutionConfigurationPlatforms) = preSolution
		Debug|Any CPU = Debug|Any CPU
		Release|Any CPU = Release|Any CPU
	EndGlobalSection
	GlobalSection(ProjectConfigurationPlatforms) = postSolution
		{81C2A79D-CCEB-41F5-B6BF-7CD49B78519A}.Debug|Any CPU.ActiveCfg = Debug|Any CPU
		{81C2A79D-CCEB-41F5-B6BF-7CD49B78519A}.Debug|Any CPU.Build.0 = Debug|Any CPU
		{81C2A79D-CCEB-41F5-B6BF-7CD49B78519A}.Release|Any CPU.ActiveCfg = Release|Any CPU
		{81C2A79D-CCEB-41F5-B6BF-7CD49B78519A}.Release|Any CPU.Build.0 = Release|Any CPU
	EndGlobalSection
	GlobalSection(SolutionProperties) = preSolution
		HideSolutionNode = FALSE
	EndGlobalSection
	GlobalSection(ExtensibilityGlobals) = postSolution
		SolutionGuid = {F9776217-9629-4476-B283-D4347B04492B}
	EndGlobalSection
EndGlobal
